
Microsoft Visual Studio Solution File, Format Version 12.00
Project("{FAE04EC0-301F-11D3-BF4B-00C04F79EFBC}") = "GTeams-backend", "GTeams-backend\GTeams-backend.csproj", "{5548CF53-9ACE-4921-B70F-CF438E69F443}"
EndProject
Project("{FAE04EC0-301F-11D3-BF4B-00C04F79EFBC}") = "GTeams-wpfapp", "GTeams-wpfapp\GTeams-wpfapp.csproj", "{207DDCA5-C024-4317-A3E1-69A6F8505325}"
EndProject
Global
	GlobalSection(SolutionConfigurationPlatforms) = preSolution
		Debug|Any CPU = Debug|Any CPU
		Release|Any CPU = Release|Any CPU
	EndGlobalSection
	GlobalSection(ProjectConfigurationPlatforms) = postSolution
		{5548CF53-9ACE-4921-B70F-CF438E69F443}.Debug|Any CPU.ActiveCfg = Debug|Any CPU
		{5548CF53-9ACE-4921-B70F-CF438E69F443}.Debug|Any CPU.Build.0 = Debug|Any CPU
		{5548CF53-9ACE-4921-B70F-CF438E69F443}.Release|Any CPU.ActiveCfg = Release|Any CPU
		{5548CF53-9ACE-4921-B70F-CF438E69F443}.Release|Any CPU.Build.0 = Release|Any CPU
		{207DDCA5-C024-4317-A3E1-69A6F8505325}.Debug|Any CPU.ActiveCfg = Debug|Any CPU
		{207DDCA5-C024-4317-A3E1-69A6F8505325}.Debug|Any CPU.Build.0 = Debug|Any CPU
		{207DDCA5-C024-4317-A3E1-69A6F8505325}.Release|Any CPU.ActiveCfg = Release|Any CPU
		{207DDCA5-C024-4317-A3E1-69A6F8505325}.Release|Any CPU.Build.0 = Release|Any CPU
	EndGlobalSection
EndGlobal
